# generated by rye
# use `rye lock` or `rye sync` to update this lockfile
#
# last locked with the following flags:
#   pre: false
#   features: []
#   all-features: false
#   with-sources: false
#   generate-hashes: false
#   universal: false

-e file:.
annotated-types==0.7.0
    # via pydantic
anyio==4.4.0
    # via httpx
    # via openai
certifi==2024.7.4
    # via httpcore
    # via httpx
    # via pyogrio
    # via pyproj
distro==1.9.0
    # via openai
exceptiongroup==1.2.2
    # via anyio
fastexcel==0.11.5
    # via access-to-everything
geopandas==1.0.1
    # via h3pandas
h11==0.14.0
    # via httpcore
h3==3.7.7
    # via h3pandas
h3pandas==0.2.6
    # via access-to-everything
httpcore==1.0.5
    # via httpx
httpx==0.27.0
    # via openai
idna==3.7
    # via anyio
    # via httpx
jiter==0.5.0
    # via openai
networkx==3.3
    # via ukroutes
numpy==2.0.1
    # via geopandas
    # via h3pandas
    # via pandas
    # via pyarrow
    # via pyogrio
    # via scipy
    # via shapely
openai==1.40.6
    # via access-to-everything
packaging==24.1
    # via geopandas
    # via pyogrio
pandas==2.2.2
    # via geopandas
    # via h3pandas
    # via ukroutes
polars==1.4.1
    # via access-to-everything
pyarrow==17.0.0
    # via fastexcel
    # via ukroutes
pydantic==2.8.2
    # via openai
pydantic-core==2.20.1
    # via pydantic
pyogrio==0.9.0
    # via geopandas
pyproj==3.6.1
    # via geopandas
python-dateutil==2.9.0.post0
    # via pandas
python-dotenv==1.0.1
    # via access-to-everything
pytz==2024.1
    # via pandas
scipy==1.14.0
    # via ukroutes
shapely==2.0.5
    # via geopandas
    # via h3pandas
six==1.16.0
    # via python-dateutil
sniffio==1.3.1
    # via anyio
    # via httpx
    # via openai
tqdm==4.66.5
    # via openai
    # via ukroutes
typing-extensions==4.12.2
    # via anyio
    # via h3pandas
    # via openai
    # via pydantic
    # via pydantic-core
tzdata==2024.1
    # via pandas
ukroutes @ git+https://github.com/cjber/ukroutes@28a8a4dacd83d032bb2cb0328f743890dd643a3a
    # via access-to-everything
